
Microsoft Visual Studio Solution File, Format Version 12.00
# Visual Studio Version 17
VisualStudioVersion = 17.0.32112.339
MinimumVisualStudioVersion = 10.0.40219.1
Project("{FAE04EC0-301F-11D3-BF4B-00C04F79EFBC}") = "StackAndQueueProblem", "StackAndQueueProblem.csproj", "{1543E058-B306-4A95-8775-322E7AADF2EE}"
EndProject
Global
	GlobalSection(SolutionConfigurationPlatforms) = preSolution
		Debug|Any CPU = Debug|Any CPU
		Release|Any CPU = Release|Any CPU
	EndGlobalSection
	GlobalSection(ProjectConfigurationPlatforms) = postSolution
		{1543E058-B306-4A95-8775-322E7AADF2EE}.Debug|Any CPU.ActiveCfg = Debug|Any CPU
		{1543E058-B306-4A95-8775-322E7AADF2EE}.Debug|Any CPU.Build.0 = Debug|Any CPU
		{1543E058-B306-4A95-8775-322E7AADF2EE}.Release|Any CPU.ActiveCfg = Release|Any CPU
		{1543E058-B306-4A95-8775-322E7AADF2EE}.Release|Any CPU.Build.0 = Release|Any CPU
	EndGlobalSection
	GlobalSection(SolutionProperties) = preSolution
		HideSolutionNode = FALSE
	EndGlobalSection
	GlobalSection(ExtensibilityGlobals) = postSolution
		SolutionGuid = {BAB160EF-D867-413E-8FAD-80107F92CC9B}
	EndGlobalSection
EndGlobal
